{
  "name": "scrivito-picks",
  "version": "1.0.0",
  "lockfileVersion": 1,
  "requires": true,
  "dependencies": {
    "asap": {
      "version": "2.0.6",
      "resolved": "https://registry.npmjs.org/asap/-/asap-2.0.6.tgz",
      "integrity": "sha1-5QNHYR1+aQlDIIu9r+vLwvuGbUY="
    },
    "babel-polyfill": {
      "version": "6.26.0",
      "resolved": "https://registry.npmjs.org/babel-polyfill/-/babel-polyfill-6.26.0.tgz",
      "integrity": "sha1-N5k3q8Z9eJWXCtxiHyhM2WbPIVM=",
      "requires": {
        "babel-runtime": "6.26.0",
        "core-js": "2.5.3",
        "regenerator-runtime": "0.10.5"
      },
      "dependencies": {
        "core-js": {
          "version": "2.5.3",
          "resolved": "https://registry.npmjs.org/core-js/-/core-js-2.5.3.tgz",
          "integrity": "sha1-isw4NFgk8W2DZbfJtCWRaOjtYD4="
        }
      }
    },
    "babel-runtime": {
      "version": "6.26.0",
      "resolved": "https://registry.npmjs.org/babel-runtime/-/babel-runtime-6.26.0.tgz",
      "integrity": "sha1-llxwWGaOgrVde/4E/yM3vItWR/4=",
      "requires": {
        "core-js": "2.5.3",
        "regenerator-runtime": "0.11.1"
      },
      "dependencies": {
        "core-js": {
          "version": "2.5.3",
          "resolved": "https://registry.npmjs.org/core-js/-/core-js-2.5.3.tgz",
          "integrity": "sha1-isw4NFgk8W2DZbfJtCWRaOjtYD4="
        },
        "regenerator-runtime": {
          "version": "0.11.1",
          "resolved": "https://registry.npmjs.org/regenerator-runtime/-/regenerator-runtime-0.11.1.tgz",
          "integrity": "sha512-MguG95oij0fC3QV3URf4V2SDYGJhJnJGqvIIgdECeODCT98wSWDAJ94SSuVpYQUoTcGUIL6L4yNB7j1DFFHSBg=="
        }
      }
    },
    "core-js": {
      "version": "1.2.7",
      "resolved": "https://registry.npmjs.org/core-js/-/core-js-1.2.7.tgz",
      "integrity": "sha1-ZSKUwUZR2yj6k70tX/KYOk8IxjY="
    },
    "encoding": {
      "version": "0.1.12",
      "resolved": "https://registry.npmjs.org/encoding/-/encoding-0.1.12.tgz",
      "integrity": "sha1-U4tm8+5izRq1HsMjgp0flIDHS+s=",
      "requires": {
        "iconv-lite": "0.4.19"
      }
    },
    "fbjs": {
      "version": "0.8.16",
      "resolved": "https://registry.npmjs.org/fbjs/-/fbjs-0.8.16.tgz",
      "integrity": "sha1-XmdDL1UNxBtXK/VYR7ispk5TN9s=",
      "requires": {
        "core-js": "1.2.7",
        "isomorphic-fetch": "2.2.1",
        "loose-envify": "1.3.1",
        "object-assign": "4.1.1",
        "promise": "7.3.1",
        "setimmediate": "1.0.5",
        "ua-parser-js": "0.7.17"
      }
    },
    "futil-js": {
      "version": "1.42.3",
      "resolved": "https://registry.npmjs.org/futil-js/-/futil-js-1.42.3.tgz",
      "integrity": "sha512-FE/I1RGoQr5pOMLRFNLmzrj2iCNIak9B8Xl6sETY9qY7GIX7yf8JTkIfxuIrjZop95AndsBcFNFFFxFc5ABIhg==",
      "requires": {
        "babel-polyfill": "6.26.0",
        "lodash": "4.17.5"
      }
    },
    "history": {
      "version": "4.7.2",
      "resolved": "https://registry.npmjs.org/history/-/history-4.7.2.tgz",
      "integrity": "sha512-1zkBRWW6XweO0NBcjiphtVJVsIQ+SXF29z9DVkceeaSLVMFXHool+fdCZD4spDCfZJCILPILc3bm7Bc+HRi0nA==",
      "dev": true,
      "requires": {
        "invariant": "2.2.4",
        "loose-envify": "1.3.1",
        "resolve-pathname": "2.2.0",
        "value-equal": "0.4.0",
        "warning": "3.0.0"
      }
    },
    "iconv-lite": {
      "version": "0.4.19",
      "resolved": "https://registry.npmjs.org/iconv-lite/-/iconv-lite-0.4.19.tgz",
      "integrity": "sha512-oTZqweIP51xaGPI4uPa56/Pri/480R+mo7SeU+YETByQNhDG55ycFyNLIgta9vXhILrxXDmF7ZGhqZIcuN0gJQ=="
    },
    "invariant": {
      "version": "2.2.4",
      "resolved": "https://registry.npmjs.org/invariant/-/invariant-2.2.4.tgz",
      "integrity": "sha512-phJfQVBuaJM5raOpJjSfkiD6BpbCE4Ns//LaXl6wGYtUBY83nWS6Rf9tXm2e8VaK60JEjYldbPif/A2B1C2gNA==",
      "dev": true,
      "requires": {
        "loose-envify": "1.3.1"
      }
    },
    "is-stream": {
      "version": "1.1.0",
      "resolved": "https://registry.npmjs.org/is-stream/-/is-stream-1.1.0.tgz",
      "integrity": "sha1-EtSj3U5o4Lec6428hBc66A2RykQ="
    },
    "isomorphic-fetch": {
      "version": "2.2.1",
      "resolved": "https://registry.npmjs.org/isomorphic-fetch/-/isomorphic-fetch-2.2.1.tgz",
      "integrity": "sha1-YRrhrPFPXoH3KVB0coGf6XM1WKk=",
      "requires": {
        "node-fetch": "1.7.3",
        "whatwg-fetch": "2.0.3"
      }
    },
    "js-tokens": {
      "version": "3.0.2",
      "resolved": "https://registry.npmjs.org/js-tokens/-/js-tokens-3.0.2.tgz",
      "integrity": "sha1-mGbfOVECEw449/mWvOtlRDIJwls="
    },
    "lodash": {
      "version": "4.17.5",
      "resolved": "https://registry.npmjs.org/lodash/-/lodash-4.17.5.tgz",
      "integrity": "sha512-svL3uiZf1RwhH+cWrfZn3A4+U58wbP0tGVTLQPbjplZxZ8ROD9VLuNgsRniTlLe7OlSqR79RUehXgpBW/s0IQw=="
    },
    "loose-envify": {
      "version": "1.3.1",
      "resolved": "https://registry.npmjs.org/loose-envify/-/loose-envify-1.3.1.tgz",
      "integrity": "sha1-0aitM/qc4OcT1l/dCsi3SNR4yEg=",
      "requires": {
        "js-tokens": "3.0.2"
      }
    },
    "node-fetch": {
      "version": "1.7.3",
      "resolved": "https://registry.npmjs.org/node-fetch/-/node-fetch-1.7.3.tgz",
      "integrity": "sha512-NhZ4CsKx7cYm2vSrBAr2PvFOe6sWDf0UYLRqA6svUYg7+/TSfVAu49jYC4BvQ4Sms9SZgdqGBgroqfDhJdTyKQ==",
      "requires": {
        "encoding": "0.1.12",
        "is-stream": "1.1.0"
      }
    },
    "object-assign": {
      "version": "4.1.1",
      "resolved": "https://registry.npmjs.org/object-assign/-/object-assign-4.1.1.tgz",
      "integrity": "sha1-IQmtx5ZYh8/AXLvUQsrIv7s2CGM="
    },
    "promise": {
      "version": "7.3.1",
      "resolved": "https://registry.npmjs.org/promise/-/promise-7.3.1.tgz",
      "integrity": "sha512-nolQXZ/4L+bP/UGlkfaIujX9BKxGwmQ9OT4mOt5yvy8iK1h3wqTEJCijzGANTCCl9nWjY41juyAn2K3Q1hLLTg==",
      "requires": {
        "asap": "2.0.6"
      }
    },
    "promise-polyfill": {
      "version": "7.1.2",
      "resolved": "https://registry.npmjs.org/promise-polyfill/-/promise-polyfill-7.1.2.tgz",
      "integrity": "sha512-FuEc12/eKqqoRYIGBrUptCBRhobL19PS2U31vMNTfyck1FxPyMfgsXyW4Mav85y/ZN1hop3hOwRlUDok23oYfQ==",
      "dev": true
    },
    "prop-types": {
      "version": "15.6.0",
      "resolved": "https://registry.npmjs.org/prop-types/-/prop-types-15.6.0.tgz",
      "integrity": "sha1-zq8IMCL8RrSjX2nhPvda7Q1jmFY=",
      "requires": {
        "fbjs": "0.8.16",
        "loose-envify": "1.3.1",
        "object-assign": "4.1.1"
      }
    },
    "react": {
      "version": "16.2.0",
      "resolved": "https://registry.npmjs.org/react/-/react-16.2.0.tgz",
      "integrity": "sha512-ZmIomM7EE1DvPEnSFAHZn9Vs9zJl5A9H7el0EGTE6ZbW9FKe/14IYAlPbC8iH25YarEQxZL+E8VW7Mi7kfQrDQ==",
      "requires": {
        "fbjs": "0.8.16",
        "loose-envify": "1.3.1",
        "object-assign": "4.1.1",
        "prop-types": "15.6.0"
      }
    },
    "react-dom": {
      "version": "16.3.2",
      "resolved": "https://registry.npmjs.org/react-dom/-/react-dom-16.3.2.tgz",
      "integrity": "sha512-MMPko3zYncNrz/7gG17wJWUREZDvskZHXOwbttzl0F0L3wDmToyuETuo/r8Y5yvDejwYcRyWI1lvVBjLJWFwKA==",
      "dev": true,
      "requires": {
        "fbjs": "0.8.16",
        "loose-envify": "1.3.1",
        "object-assign": "4.1.1",
        "prop-types": "15.6.0"
      }
    },
    "regenerator-runtime": {
      "version": "0.10.5",
      "resolved": "https://registry.npmjs.org/regenerator-runtime/-/regenerator-runtime-0.10.5.tgz",
      "integrity": "sha1-M2w+/BIgrc7dosn6tntaeVWjNlg="
    },
    "resolve-pathname": {
      "version": "2.2.0",
      "resolved": "https://registry.npmjs.org/resolve-pathname/-/resolve-pathname-2.2.0.tgz",
      "integrity": "sha512-bAFz9ld18RzJfddgrO2e/0S2O81710++chRMUxHjXOYKF6jTAMrUNZrEZ1PvV0zlhfjidm08iRPdTLPno1FuRg==",
      "dev": true
    },
    "scrivito": {
      "version": "1.1.0",
      "resolved": "https://registry.npmjs.org/scrivito/-/scrivito-1.1.0.tgz",
      "integrity": "sha512-8loPHFbytOSMdEyYvBAn8gOGPy5DCRQubaWCiLDk7IVnFCEdV+bkLNKseNLULGGUEqCGIGltEGm37knIjIqmcw==",
      "dev": true,
      "requires": {
        "history": "4.7.2",
        "promise-polyfill": "7.1.2",
        "prop-types": "15.6.0",
        "react": "16.2.0",
        "react-dom": "16.3.2",
        "speakingurl": "11.0.0",
        "tcomb-validation": "3.4.1",
        "underscore": "1.9.0",
        "urijs": "1.19.1"
      }
    },
    "setimmediate": {
      "version": "1.0.5",
      "resolved": "https://registry.npmjs.org/setimmediate/-/setimmediate-1.0.5.tgz",
      "integrity": "sha1-KQy7Iy4waULX1+qbg3Mqt4VvgoU="
    },
    "speakingurl": {
      "version": "11.0.0",
      "resolved": "https://registry.npmjs.org/speakingurl/-/speakingurl-11.0.0.tgz",
      "integrity": "sha1-IOXO/AmzL8/jnuCy6XiT+zkoGbM=",
      "dev": true
    },
    "tcomb": {
      "version": "3.2.25",
      "resolved": "https://registry.npmjs.org/tcomb/-/tcomb-3.2.25.tgz",
      "integrity": "sha512-eywfhynigULV4SzNfvcXF7Ow77W0UBniQ1/9x8sNNo10al5s3PjRHShOb5OoVL8DQvLcatYRN3boviNcqb7Pkw==",
      "dev": true
    },
    "tcomb-validation": {
      "version": "3.4.1",
      "resolved": "https://registry.npmjs.org/tcomb-validation/-/tcomb-validation-3.4.1.tgz",
      "integrity": "sha512-urVVMQOma4RXwiVCa2nM2eqrAomHROHvWPuj6UkDGz/eb5kcy0x6P0dVt6kzpUZtYMNoAqJLWmz1BPtxrtjtrA==",
      "dev": true,
      "requires": {
        "tcomb": "3.2.25"
      }
    },
    "typescript": {
      "version": "2.8.3",
      "resolved": "https://registry.npmjs.org/typescript/-/typescript-2.8.3.tgz",
      "integrity": "sha512-K7g15Bb6Ra4lKf7Iq2l/I5/En+hLIHmxWZGq3D4DIRNFxMNV6j2SHSvDOqs2tGd4UvD/fJvrwopzQXjLrT7Itw==",
      "dev": true
    },
    "ua-parser-js": {
      "version": "0.7.17",
      "resolved": "https://registry.npmjs.org/ua-parser-js/-/ua-parser-js-0.7.17.tgz",
      "integrity": "sha512-uRdSdu1oA1rncCQL7sCj8vSyZkgtL7faaw9Tc9rZ3mGgraQ7+Pdx7w5mnOSF3gw9ZNG6oc+KXfkon3bKuROm0g=="
    },
    "underscore": {
      "version": "1.9.0",
      "resolved": "https://registry.npmjs.org/underscore/-/underscore-1.9.0.tgz",
      "integrity": "sha512-4IV1DSSxC1QK48j9ONFK1MoIAKKkbE8i7u55w2R6IqBqbT7A/iG7aZBCR2Bi8piF0Uz+i/MG1aeqLwl/5vqF+A==",
      "dev": true
    },
    "urijs": {
      "version": "1.19.1",
      "resolved": "https://registry.npmjs.org/urijs/-/urijs-1.19.1.tgz",
      "integrity": "sha512-xVrGVi94ueCJNrBSTjWqjvtgvl3cyOTThp2zaMaFNGp3F542TR6sM3f2o8RqZl+AwteClSVmoCyt0ka4RjQOQg==",
      "dev": true
    },
    "value-equal": {
      "version": "0.4.0",
      "resolved": "https://registry.npmjs.org/value-equal/-/value-equal-0.4.0.tgz",
      "integrity": "sha512-x+cYdNnaA3CxvMaTX0INdTCN8m8aF2uY9BvEqmxuYp8bL09cs/kWVQPVGcA35fMktdOsP69IgU7wFj/61dJHEw==",
      "dev": true
    },
    "warning": {
      "version": "3.0.0",
      "resolved": "https://registry.npmjs.org/warning/-/warning-3.0.0.tgz",
      "integrity": "sha1-MuU3fLVy3kqwR1O9+IIcAe1gW3w=",
      "dev": true,
      "requires": {
        "loose-envify": "1.3.1"
      }
    },
    "whatwg-fetch": {
      "version": "2.0.3",
      "resolved": "https://registry.npmjs.org/whatwg-fetch/-/whatwg-fetch-2.0.3.tgz",
      "integrity": "sha1-nITsLc9oGH/wC8ZOEnS0QhduHIQ="
    }
  }
}
