{
  "name": "scrivito-picks",
  "version": "1.0.4",
  "lockfileVersion": 1,
  "requires": true,
  "dependencies": {
    "lodash-es": {
      "version": "4.17.14",
      "resolved": "https://registry.npmjs.org/lodash-es/-/lodash-es-4.17.14.tgz",
      "integrity": "sha512-7zchRrGa8UZXjD/4ivUWP1867jDkhzTG2c/uj739utSd7O/pFFdxspCemIFKEEjErbcqRzn8nKnGsi7mvTgRPA=="
    },
    "typescript": {
      "version": "2.8.3",
      "resolved": "https://registry.npmjs.org/typescript/-/typescript-2.8.3.tgz",
      "integrity": "sha512-K7g15Bb6Ra4lKf7Iq2l/I5/En+hLIHmxWZGq3D4DIRNFxMNV6j2SHSvDOqs2tGd4UvD/fJvrwopzQXjLrT7Itw==",
      "dev": true
    }
  }
}
